{
  "name": "odino.router",
  "version": "0.1.0",
  "dependencies": {
    "underscore": {
      "version": "1.5.2",
      "from": "underscore@~1.5"
    },
    "underscore.string": {
      "version": "2.3.3",
      "from": "underscore.string@2.3.3"
    },
    "js-yaml": {
      "version": "3.0.1",
      "from": "js-yaml@~3",
      "dependencies": {
        "argparse": {
          "version": "0.1.15",
          "from": "argparse@~ 0.1.11",
          "dependencies": {
            "underscore": {
              "version": "1.4.4",
              "from": "underscore@1.4.4"
            },
            "underscore.string": {
              "version": "2.3.3",
              "from": "underscore.string@~2.3.1"
            }
          }
        },
        "esprima": {
          "version": "1.0.4",
          "from": "esprima@~ 1.0.2"
        }
      }
    }
  }
}
